{
  "name": "test2",
  "version": "1.0.0",
  "lockfileVersion": 3,
  "requires": true,
  "packages": {
    "": {
      "name": "test2",
      "version": "1.0.0",
      "license": "ISC",
      "dependencies": {
        "seochojade": "^0.1.0-beta.3"
      }
    },
    "node_modules/moment": {
      "version": "2.30.1",
      "resolved": "https://registry.npmjs.org/moment/-/moment-2.30.1.tgz",
      "integrity": "sha512-uEmtNhbDOrWPFS+hdjFCBfy9f2YoyzRpwcl+DqpC6taX21FzsTLQVbMV/W7PzNSX6x/bhC1zA3c2UQ5NzH6how==",
      "engines": {
        "node": "*"
      }
    },
    "node_modules/seochojade": {
      "version": "0.1.0-beta.7",
      "resolved": "https://registry.npmjs.org/seochojade/-/seochojade-0.1.0-beta.7.tgz",
      "integrity": "sha512-xX14Mz5al97n6Za5Dkm0SBZ5W7njf4iasYfItOAFZtrsj8Id2YoKQ/jHdu919+shulf6HoqMT9f2aocmlcBIpA==",
      "dependencies": {
        "moment": "^2.30.1"
      }
    }
  }
}
